PODS:
  - Alamofire (3.1.3)
  - AWSAutoScaling (2.2.7):
    - AWSCore (= 2.2.7)
  - AWSCloudWatch (2.2.7):
    - AWSCore (= 2.2.7)
  - AWSCore (2.2.7)
  - AWSDynamoDB (2.2.7):
    - AWSCore (= 2.2.7)
  - AWSEC2 (2.2.7):
    - AWSCore (= 2.2.7)
  - AWSElasticLoadBalancing (2.2.7):
    - AWSCore (= 2.2.7)
  - AWSiOSSDKv2 (2.2.7):
    - AWSiOSSDKv2/AutoScaling (= 2.2.7)
    - AWSiOSSDKv2/AWSCore (= 2.2.7)
    - AWSiOSSDKv2/CloudWatch (= 2.2.7)
    - AWSiOSSDKv2/DynamoDB (= 2.2.7)
    - AWSiOSSDKv2/EC2 (= 2.2.7)
    - AWSiOSSDKv2/ElasticLoadBalancing (= 2.2.7)
    - AWSiOSSDKv2/Kinesis (= 2.2.7)
    - AWSiOSSDKv2/MobileAnalytics (= 2.2.7)
    - AWSiOSSDKv2/S3 (= 2.2.7)
    - AWSiOSSDKv2/SES (= 2.2.7)
    - AWSiOSSDKv2/SimpleDB (= 2.2.7)
    - AWSiOSSDKv2/SNS (= 2.2.7)
    - AWSiOSSDKv2/SQS (= 2.2.7)
  - AWSiOSSDKv2/AutoScaling (2.2.7):
    - AWSAutoScaling (= 2.2.7)
  - AWSiOSSDKv2/AWSCore (2.2.7):
    - AWSCore (= 2.2.7)
  - AWSiOSSDKv2/CloudWatch (2.2.7):
    - AWSCloudWatch (= 2.2.7)
  - AWSiOSSDKv2/DynamoDB (2.2.7):
    - AWSDynamoDB (= 2.2.7)
  - AWSiOSSDKv2/EC2 (2.2.7):
    - AWSEC2 (= 2.2.7)
  - AWSiOSSDKv2/ElasticLoadBalancing (2.2.7):
    - AWSElasticLoadBalancing (= 2.2.7)
  - AWSiOSSDKv2/Kinesis (2.2.7):
    - AWSKinesis (= 2.2.7)
  - AWSiOSSDKv2/MobileAnalytics (2.2.7):
    - AWSMobileAnalytics (= 2.2.7)
  - AWSiOSSDKv2/S3 (2.2.7):
    - AWSS3 (= 2.2.7)
  - AWSiOSSDKv2/SES (2.2.7):
    - AWSSES (= 2.2.7)
  - AWSiOSSDKv2/SimpleDB (2.2.7):
    - AWSSimpleDB (= 2.2.7)
  - AWSiOSSDKv2/SNS (2.2.7):
    - AWSSNS (= 2.2.7)
  - AWSiOSSDKv2/SQS (2.2.7):
    - AWSSQS (= 2.2.7)
  - AWSKinesis (2.2.7):
    - AWSCore (= 2.2.7)
  - AWSMobileAnalytics (2.2.7):
    - AWSCore (= 2.2.7)
  - AWSS3 (2.2.7):
    - AWSCore (= 2.2.7)
  - AWSSES (2.2.7):
    - AWSCore (= 2.2.7)
  - AWSSimpleDB (2.2.7):
    - AWSCore (= 2.2.7)
  - AWSSNS (2.2.7):
    - AWSCore (= 2.2.7)
  - AWSSQS (2.2.7):
    - AWSCore (= 2.2.7)
  - Crashlytics (3.6.0):
    - Fabric (~> 1.6.3)
  - Fabric (1.6.4)
  - GoogleMaps (1.10.5)
  - GooglePlacesAutocomplete (0.3.0)
  - KYCircularProgress (0.5.1)
  - ObjectMapper (1.1.1)
  - Polyline (3.0.0)
  - SwiftAddressBook (0.5.1)
  - SwiftyJSON (2.3.2)

DEPENDENCIES:
  - Alamofire (~> 3.0)
  - AWSDynamoDB (~> 2.2.0)
  - AWSiOSSDKv2
  - Crashlytics
  - Fabric
  - GoogleMaps
  - GooglePlacesAutocomplete
  - KYCircularProgress
  - ObjectMapper (~> 1.1)
  - Polyline (~> 3.0)
  - SwiftAddressBook
  - SwiftyJSON (from `https://github.com/SwiftyJSON/SwiftyJSON.git`)

EXTERNAL SOURCES:
  SwiftyJSON:
    :git: https://github.com/SwiftyJSON/SwiftyJSON.git

CHECKOUT OPTIONS:
  SwiftyJSON:
    :commit: 5f59648a6e9356b26c5cb698ab924fa7d750b6c9
    :git: https://github.com/SwiftyJSON/SwiftyJSON.git

SPEC CHECKSUMS:
  Alamofire: 9f93b56389e48def9220dd57d1f44b1927229a5a
  AWSAutoScaling: 707c4ce02f9a27f8bb12e348ad6555eb14cb7113
  AWSCloudWatch: 1b113e246ab47045c496820a899476c4fe75ac77
  AWSCore: d81e1e534040780deb0f3877aaa207d297e54b4c
  AWSDynamoDB: 211c266505513a57be42af255e2363bbbcdd2a1d
  AWSEC2: da401a7bdb1d993ca158ca384356c6f97ec697ed
  AWSElasticLoadBalancing: 4c691a1f48136572f0454e05a057e7863a058cfc
  AWSiOSSDKv2: 265d3c4a518122e761855c19625b0f037e31a9f5
  AWSKinesis: f2248f4c6ae46106f5e2f29c21f859baba7cd15a
  AWSMobileAnalytics: ee66bd427dcfa264088804776e94d82932ad07f5
  AWSS3: d39bae2ebbcdc450aef30635c85e556317b92a33
  AWSSES: bef72332e719940454c8873dcee561d15c5040ba
  AWSSimpleDB: 3e699c4437f17f70fce66558731232431e1b1090
  AWSSNS: 6f526c50d4013eacd4c35af4b9b35eb415d202ec
  AWSSQS: 0def5dfc1385564d88ebf88a0bdf7227f5f855e1
  Crashlytics: e4e8d02914f2608fbc7bf42b1a7af838b0db67a2
  Fabric: ed41fd62173c6bdea24ab02c9d7707161eabb750
  GoogleMaps: da51c62c338c2d9c47cdad470a0d1e0e4b8544e4
  GooglePlacesAutocomplete: 7694636fce561c9d8ac807b8e490d299a730a633
  KYCircularProgress: 69a6d6852d96ca2be2830cc659b85aab3bb1cee6
  ObjectMapper: 4143abed1dbd49b73d75092fe8fa1c88ed6434b7
  Polyline: 18026fd6675f754a15e70b4fd7ca01d0d156b6d7
  SwiftAddressBook: 539d33a5e36b2594d82ff5e0625becff18387930
  SwiftyJSON: 04ccea08915aa0109039157c7974cf0298da292a

COCOAPODS: 0.39.0
